
Microsoft Visual Studio Solution File, Format Version 12.00
# Visual Studio Version 17
VisualStudioVersion = 17.0.32112.339
MinimumVisualStudioVersion = 10.0.40219.1
Project("{FAE04EC0-301F-11D3-BF4B-00C04F79EFBC}") = "LinkedList", "LinkedList.csproj", "{37CBF15A-8A7B-4CE2-9853-782794976EC6}"
EndProject
Global
	GlobalSection(SolutionConfigurationPlatforms) = preSolution
		Debug|Any CPU = Debug|Any CPU
		Release|Any CPU = Release|Any CPU
	EndGlobalSection
	GlobalSection(ProjectConfigurationPlatforms) = postSolution
		{37CBF15A-8A7B-4CE2-9853-782794976EC6}.Debug|Any CPU.ActiveCfg = Debug|Any CPU
		{37CBF15A-8A7B-4CE2-9853-782794976EC6}.Debug|Any CPU.Build.0 = Debug|Any CPU
		{37CBF15A-8A7B-4CE2-9853-782794976EC6}.Release|Any CPU.ActiveCfg = Release|Any CPU
		{37CBF15A-8A7B-4CE2-9853-782794976EC6}.Release|Any CPU.Build.0 = Release|Any CPU
	EndGlobalSection
	GlobalSection(SolutionProperties) = preSolution
		HideSolutionNode = FALSE
	EndGlobalSection
	GlobalSection(ExtensibilityGlobals) = postSolution
		SolutionGuid = {0D49C990-5DF2-471C-969F-5EEC6622E362}
	EndGlobalSection
EndGlobal
